
Microsoft Visual Studio Solution File, Format Version 12.00
# Visual Studio Version 17
VisualStudioVersion = 17.10.35004.147
MinimumVisualStudioVersion = 10.0.40219.1
Project("{FAE04EC0-301F-11D3-BF4B-00C04F79EFBC}") = "CpuGuard.NET", "CpuGuard.NET.csproj", "{C725360A-6685-4E57-A55F-28BCF76F763F}"
EndProject
Project("{FAE04EC0-301F-11D3-BF4B-00C04F79EFBC}") = "CpuGuard.Sample", "..\samples\CpuGuard.Sample\CpuGuard.Sample.csproj", "{68929DA7-F2A7-401B-A31B-64456D485824}"
EndProject
Global
	GlobalSection(SolutionConfigurationPlatforms) = preSolution
		Debug|Any CPU = Debug|Any CPU
		Debug|x64 = Debug|x64
		Debug|x86 = Debug|x86
		Release|Any CPU = Release|Any CPU
		Release|x64 = Release|x64
		Release|x86 = Release|x86
	EndGlobalSection
	GlobalSection(ProjectConfigurationPlatforms) = postSolution
		{C725360A-6685-4E57-A55F-28BCF76F763F}.Debug|Any CPU.ActiveCfg = Debug|Any CPU
		{C725360A-6685-4E57-A55F-28BCF76F763F}.Debug|Any CPU.Build.0 = Debug|Any CPU
		{C725360A-6685-4E57-A55F-28BCF76F763F}.Debug|x64.ActiveCfg = Debug|Any CPU
		{C725360A-6685-4E57-A55F-28BCF76F763F}.Debug|x64.Build.0 = Debug|Any CPU
		{C725360A-6685-4E57-A55F-28BCF76F763F}.Debug|x86.ActiveCfg = Debug|Any CPU
		{C725360A-6685-4E57-A55F-28BCF76F763F}.Debug|x86.Build.0 = Debug|Any CPU
		{C725360A-6685-4E57-A55F-28BCF76F763F}.Release|Any CPU.ActiveCfg = Release|Any CPU
		{C725360A-6685-4E57-A55F-28BCF76F763F}.Release|Any CPU.Build.0 = Release|Any CPU
		{C725360A-6685-4E57-A55F-28BCF76F763F}.Release|x64.ActiveCfg = Release|Any CPU
		{C725360A-6685-4E57-A55F-28BCF76F763F}.Release|x64.Build.0 = Release|Any CPU
		{C725360A-6685-4E57-A55F-28BCF76F763F}.Release|x86.ActiveCfg = Release|Any CPU
		{C725360A-6685-4E57-A55F-28BCF76F763F}.Release|x86.Build.0 = Release|Any CPU
		{68929DA7-F2A7-401B-A31B-64456D485824}.Debug|Any CPU.ActiveCfg = Debug|Any CPU
		{68929DA7-F2A7-401B-A31B-64456D485824}.Debug|Any CPU.Build.0 = Debug|Any CPU
		{68929DA7-F2A7-401B-A31B-64456D485824}.Debug|x64.ActiveCfg = Debug|Any CPU
		{68929DA7-F2A7-401B-A31B-64456D485824}.Debug|x64.Build.0 = Debug|Any CPU
		{68929DA7-F2A7-401B-A31B-64456D485824}.Debug|x86.ActiveCfg = Debug|Any CPU
		{68929DA7-F2A7-401B-A31B-64456D485824}.Debug|x86.Build.0 = Debug|Any CPU
		{68929DA7-F2A7-401B-A31B-64456D485824}.Release|Any CPU.ActiveCfg = Release|Any CPU
		{68929DA7-F2A7-401B-A31B-64456D485824}.Release|Any CPU.Build.0 = Release|Any CPU
		{68929DA7-F2A7-401B-A31B-64456D485824}.Release|x64.ActiveCfg = Release|Any CPU
		{68929DA7-F2A7-401B-A31B-64456D485824}.Release|x64.Build.0 = Release|Any CPU
		{68929DA7-F2A7-401B-A31B-64456D485824}.Release|x86.ActiveCfg = Release|Any CPU
		{68929DA7-F2A7-401B-A31B-64456D485824}.Release|x86.Build.0 = Release|Any CPU
	EndGlobalSection
	GlobalSection(SolutionProperties) = preSolution
		HideSolutionNode = FALSE
	EndGlobalSection
	GlobalSection(ExtensibilityGlobals) = postSolution
		SolutionGuid = {16DB00AB-13B9-4268-8A7D-49C8396A795C}
	EndGlobalSection
EndGlobal
